
Microsoft Visual Studio Solution File, Format Version 12.00
# Visual Studio Version 17
VisualStudioVersion = 17.4.33122.133
MinimumVisualStudioVersion = 10.0.40219.1
Project("{FAE04EC0-301F-11D3-BF4B-00C04F79EFBC}") = "Prova 1", "Prova 1\Prova 1.csproj", "{891CC64E-AB68-46CD-8A7F-06183ABBEAF7}"
EndProject
Global
	GlobalSection(SolutionConfigurationPlatforms) = preSolution
		Debug|Any CPU = Debug|Any CPU
		Release|Any CPU = Release|Any CPU
	EndGlobalSection
	GlobalSection(ProjectConfigurationPlatforms) = postSolution
		{891CC64E-AB68-46CD-8A7F-06183ABBEAF7}.Debug|Any CPU.ActiveCfg = Debug|Any CPU
		{891CC64E-AB68-46CD-8A7F-06183ABBEAF7}.Debug|Any CPU.Build.0 = Debug|Any CPU
		{891CC64E-AB68-46CD-8A7F-06183ABBEAF7}.Release|Any CPU.ActiveCfg = Release|Any CPU
		{891CC64E-AB68-46CD-8A7F-06183ABBEAF7}.Release|Any CPU.Build.0 = Release|Any CPU
	EndGlobalSection
	GlobalSection(SolutionProperties) = preSolution
		HideSolutionNode = FALSE
	EndGlobalSection
	GlobalSection(ExtensibilityGlobals) = postSolution
		SolutionGuid = {C059BE74-97CB-417F-B389-602619481AC1}
	EndGlobalSection
EndGlobal
